{
  "hash": "dfcef83baa4c8cbdea9bd042597179e1943e103d9626e2d54173294c16cb4c00",
  "hash_tree": {
    "context": {
      "child": {
        "file": "server/L10N.md",
        "hash": "4b6d469c7014caa6766970af517055bd43685866b230e2545cce3b06044cec87"
      },
      "file": "L10N.md",
      "hash": "5d5910c58a27c289d172b18f0bca28176bf6b6a74bd894e27273f55199cd2816"
    },
    "source": {
      "file": "server/priv/gettext/dashboard_projects.pot",
      "hash": "6830754a96d50af287f05bf02887fdc99dc9f52f287d2272ac31da44746f7df2"
    }
  },
  "model": "openai:gpt-4.1-mini",
  "translated_at": "2026-05-12T19:14:47.448344Z"
}